github.com/hydrogen18/stalecucumber v0.0.0-20180226003526-6de214d141dd h1:ULNa/hqzllTuY245P8JJ8XoaMebSNOEbNev99kQ7ufI=
github.com/hydrogen18/stalecucumber v0.0.0-20180226003526-6de214d141dd/go.mod h1:KE5xQoh/IqNckSFoQXL5o5nEkrBiUDxatgac7TSMQ8Y=
golang.org/x/exp v0.0.0-20191002040644-a1355ae1e2c3 h1:n9HxLrNxWWtEb1cA950nuEEj3QnKbtsCJ6KjcgisNUs=
gonum.org/v1/gonum v0.12.0 h1:xKuo6hzt+gMav00meVPUlXwSdoEJP46BR+wdxQEFK2o=
gonum.org/v1/gonum v0.12.0/go.mod h1:73TDxJfAAHeA8Mk9mf8NlIppyhQNo5GLTcYeqgo2lvY=
